
Microsoft Visual Studio Solution File, Format Version 12.00
# Visual Studio 15
VisualStudioVersion = 15.0.26730.12
MinimumVisualStudioVersion = 10.0.40219.1
Project("{FAE04EC0-301F-11D3-BF4B-00C04F79EFBC}") = "PersonalFinanceManager", "PersonalFinanceManager\PersonalFinanceManager.csproj", "{9692CA39-604B-41AA-B8D0-581DBCBF113C}"
EndProject
Global
	GlobalSection(SolutionConfigurationPlatforms) = preSolution
		Debug|Any CPU = Debug|Any CPU
		Release|Any CPU = Release|Any CPU
	EndGlobalSection
	GlobalSection(ProjectConfigurationPlatforms) = postSolution
		{9692CA39-604B-41AA-B8D0-581DBCBF113C}.Debug|Any CPU.ActiveCfg = Debug|Any CPU
		{9692CA39-604B-41AA-B8D0-581DBCBF113C}.Debug|Any CPU.Build.0 = Debug|Any CPU
		{9692CA39-604B-41AA-B8D0-581DBCBF113C}.Release|Any CPU.ActiveCfg = Release|Any CPU
		{9692CA39-604B-41AA-B8D0-581DBCBF113C}.Release|Any CPU.Build.0 = Release|Any CPU
	EndGlobalSection
	GlobalSection(SolutionProperties) = preSolution
		HideSolutionNode = FALSE
	EndGlobalSection
	GlobalSection(ExtensibilityGlobals) = postSolution
		SolutionGuid = {12CC5863-74FC-4700-9B94-7A6008400F6E}
	EndGlobalSection
EndGlobal
